
Microsoft Visual Studio Solution File, Format Version 12.00
# Visual Studio Version 17
VisualStudioVersion = 17.11.35312.102
MinimumVisualStudioVersion = 10.0.40219.1
Project("{FAE04EC0-301F-11D3-BF4B-00C04F79EFBC}") = "oop", "oop\oop.csproj", "{D313E2EF-CDC6-4EF5-8636-E39B7AE16EBF}"
EndProject
Global
	GlobalSection(SolutionConfigurationPlatforms) = preSolution
		Debug|Any CPU = Debug|Any CPU
		Release|Any CPU = Release|Any CPU
	EndGlobalSection
	GlobalSection(ProjectConfigurationPlatforms) = postSolution
		{D313E2EF-CDC6-4EF5-8636-E39B7AE16EBF}.Debug|Any CPU.ActiveCfg = Debug|Any CPU
		{D313E2EF-CDC6-4EF5-8636-E39B7AE16EBF}.Debug|Any CPU.Build.0 = Debug|Any CPU
		{D313E2EF-CDC6-4EF5-8636-E39B7AE16EBF}.Release|Any CPU.ActiveCfg = Release|Any CPU
		{D313E2EF-CDC6-4EF5-8636-E39B7AE16EBF}.Release|Any CPU.Build.0 = Release|Any CPU
	EndGlobalSection
	GlobalSection(SolutionProperties) = preSolution
		HideSolutionNode = FALSE
	EndGlobalSection
	GlobalSection(ExtensibilityGlobals) = postSolution
		SolutionGuid = {CBBC2E55-95E7-4849-9109-D41C24899191}
	EndGlobalSection
EndGlobal
